lockfileVersion: '6.0'

settings:
  autoInstallPeers: true
  excludeLinksFromLockfile: false

dependencies:
  prettier:
    specifier: ^3
    version: 3.9.6

optionalDependencies:
  prettier-plugin-svelte:
    specifier: ^4.0.0
    version: 4.1.1(prettier@3.9.6)(svelte@5.57.0)

packages:

  /@jridgewell/gen-mapping@0.3.13:
    resolution: {integrity: sha512-2kkt/7niJ6MgEPxF0bYdQ6etZaA+fQvDcLKckhy1yIQOzaoKjBBjSj63/aLVjYE3qhRt5dvM+uUyfCg6UKCBbA==}
    dependencies:
      '@jridgewell/sourcemap-codec': 1.6.0
      '@jridgewell/trace-mapping': 0.3.31
    dev: false
    optional: true

  /@jridgewell/remapping@2.3.5:
    resolution: {integrity: sha512-LI9u/+laYG4Ds1TDKSJW2YPrIlcVYOwi2fUC6xB43lueCjgxV4lffOCZCtYFiH6TNOX+tQKXx97T4IKHbhyHEQ==}
    dependencies:
      '@jridgewell/gen-mapping': 0.3.13
      '@jridgewell/trace-mapping': 0.3.31
    dev: false
    optional: true

  /@jridgewell/resolve-uri@3.1.2:
    resolution: {integrity: sha512-bRISgCIjP20/tbWSPWMEi54QVPRZExkuD9lJL+UIxUKtwVJA8wW1Trb1jMs1RFXo1CBTNZ/5hpC9QvmKWdopKw==}
    engines: {node: '>=6.0.0'}
    dev: false
    optional: true

  /@jridgewell/sourcemap-codec@1.6.0:
    resolution: {integrity: sha512-T7jf+5zgsZHwNJ4lvQ7/aezbyk0nNX+zJVWpmHA7VYsEx7a7qr5Rg5IbtJFqkgze5Y2sruq1RUY8Q837Od7iFw==}
    dev: false
    optional: true

  /@jridgewell/trace-mapping@0.3.31:
    resolution: {integrity: sha512-zzNR+SdQSDJzc8joaeP8QQoCQr8NuYx2dIIytl1QeBEZHJ9uW6hebsrYgbz8hJwUQao3TWCMtmfV8Nu1twOLAw==}
    dependencies:
      '@jridgewell/resolve-uri': 3.1.2
      '@jridgewell/sourcemap-codec': 1.6.0
    dev: false
    optional: true

  /@sveltejs/acorn-typescript@1.0.13(acorn@8.18.0):
    resolution: {integrity: sha512-wgKggnhZVL9Bfx1OaKKTrYY9BFRk6C8UAkQNUcIv1+llzYrIqy+RZm5HPKzn0NpEBvTVhTqB4kQyllZywsRBRQ==}
    peerDependencies:
      acorn: ^8.9.0
    dependencies:
      acorn: 8.18.0
    dev: false
    optional: true

  /@types/estree@1.0.9:
    resolution: {integrity: sha512-GhdPgy1el4/ImP05X05Uw4cw2/M93BCUmnEvWZNStlCzEKME4Fkk+YpoA5OiHNQmoS7Cafb8Xa3Pya8m1Qrzeg==}
    dev: false
    optional: true

  /acorn@8.18.0:
    resolution: {integrity: sha512-lGq+9yr1/GuAWaVYIHRjvvySG5/4VfKIvC8EWxStPdcDh/Ka7FG3twP6v4d5BkravUilhIAsG4Qj83t02LWUPQ==}
    engines: {node: '>=0.4.0'}
    hasBin: true
    dev: false
    optional: true

  /aria-query@5.3.1:
    resolution: {integrity: sha512-Z/ZeOgVl7bcSYZ/u/rh0fOpvEpq//LZmdbkXyc7syVzjPAhfOa9ebsdTSjEBDU4vs5nC98Kfduj1uFo0qyET3g==}
    engines: {node: '>= 0.4'}
    dev: false
    optional: true

  /axobject-query@4.1.0:
    resolution: {integrity: sha512-qIj0G9wZbMGNLjLmg1PT6v2mE9AH2zlnADJD/2tC6E00hgmhUOfEB6greHPAfLRSufHqROIUTkw6E+M3lH0PTQ==}
    engines: {node: '>= 0.4'}
    dev: false
    optional: true

  /clsx@2.1.1:
    resolution: {integrity: sha512-eYm0QWBtUrBWZWG0d386OGAw16Z995PiOVo2B7bjWSbHedGl5e0ZWaq65kOGgUSNesEIDkB9ISbTg/JK9dhCZA==}
    engines: {node: '>=6'}
    dev: false
    optional: true

  /devalue@5.9.2:
    resolution: {integrity: sha512-po4PAY5c53tw5XMocSnf8A/5OHhbbUftpr93aEN6BBoAdntUmK7vu7wOATqvt7cXO7m1Cl4gMVn6p7n6n4mj0w==}
    dev: false
    optional: true

  /esm-env@1.2.2:
    resolution: {integrity: sha512-Epxrv+Nr/CaL4ZcFGPJIYLWFom+YeV1DqMLHJoEd9SYRxNbaFruBwfEX/kkHUJf55j2+TUbmDcmuilbP1TmXHA==}
    dev: false
    optional: true

  /esrap@2.3.7:
    resolution: {integrity: sha512-n2nf7fZR3c9yXf0BPEuHuXqT+KW0SJVj4cN5FMEkpCZ3scLjOQWpiccyCxVzCC2q1wubTghuEGzngJY/7Ah0Ow==}
    peerDependencies:
      '@typescript-eslint/types': ^8.2.0
    peerDependenciesMeta:
      '@typescript-eslint/types':
        optional: true
    dependencies:
      '@jridgewell/sourcemap-codec': 1.6.0
    dev: false
    optional: true

  /is-reference@3.0.3:
    resolution: {integrity: sha512-ixkJoqQvAP88E6wLydLGGqCJsrFUnqoH6HnaczB8XmDH1oaWU+xxdptvikTgaEhtZ53Ky6YXiBuUI2WXLMCwjw==}
    dependencies:
      '@types/estree': 1.0.9
    dev: false
    optional: true

  /locate-character@3.0.0:
    resolution: {integrity: sha512-SW13ws7BjaeJ6p7Q6CO2nchbYEc3X3J6WrmTTDto7yMPqVSZTUyY5Tjbid+Ab8gLnATtygYtiDIJGQRRn2ZOiA==}
    dev: false
    optional: true

  /magic-string@0.30.21:
    resolution: {integrity: sha512-vd2F4YUyEXKGcLHoq+TEyCjxueSeHnFxyyjNp80yg0XV4vUhnDer/lvvlqM/arB5bXQN5K2/3oinyCRyx8T2CQ==}
    dependencies:
      '@jridgewell/sourcemap-codec': 1.6.0
    dev: false
    optional: true

  /prettier-plugin-svelte@4.1.1(prettier@3.9.6)(svelte@5.57.0):
    resolution: {integrity: sha512-wXvbXMjSvb4C9ENWTHXyd+ihakKCsJ6rJhLP6/8HFNj4GkZr48jqL9PoKsl2sk7SyCZRTnJ7O2TTowUpOxP/KA==}
    engines: {node: '>=20'}
    requiresBuild: true
    peerDependencies:
      prettier: ^3.0.0
      svelte: ^5.0.0
    dependencies:
      prettier: 3.9.6
      svelte: 5.57.0
    dev: false
    optional: true

  /prettier@3.9.6:
    resolution: {integrity: sha512-OpN0zzVdiaiAhxpuuj5efpIS4sY9j7bY6uR5mnj5yPzGkdkjNKSJeUThPb60Jw29QuAZgA4o+/iB49kFiaBX6g==}
    engines: {node: '>=14'}
    hasBin: true
    dev: false

  /svelte@5.57.0:
    resolution: {integrity: sha512-NdbDn7fl4be1ViUG0oq/lvG6OZy3oENolV2ONjiqqsfVoeAfzaQAKUcEX3MrQod/Bebv1PgwET9rfXhgn9s4Kg==}
    engines: {node: '>=18'}
    dependencies:
      '@jridgewell/remapping': 2.3.5
      '@jridgewell/sourcemap-codec': 1.6.0
      '@sveltejs/acorn-typescript': 1.0.13(acorn@8.18.0)
      '@types/estree': 1.0.9
      acorn: 8.18.0
      aria-query: 5.3.1
      axobject-query: 4.1.0
      clsx: 2.1.1
      devalue: 5.9.2
      esm-env: 1.2.2
      esrap: 2.3.7
      is-reference: 3.0.3
      locate-character: 3.0.0
      magic-string: 0.30.21
      zimmerframe: 1.1.5
    transitivePeerDependencies:
      - '@typescript-eslint/types'
    dev: false
    optional: true

  /zimmerframe@1.1.5:
    resolution: {integrity: sha512-msJxIvYDYcoNL+PJsu+7qmpDWsYmAxTY+2TNYXXF0hzBzBk0BMecOqDOG/EckUoKCuKwObfbugIl8QpqHDXeFA==}
    dev: false
    optional: true
