lockfileVersion: '9.0'

settings:
  autoInstallPeers: true
  excludeLinksFromLockfile: false

importers:

  .:
    dependencies:
      prettier:
        specifier: ^3
        version: 3.0.0
    optionalDependencies:
      prettier-plugin-svelte:
        specifier: ^3.0.0
        version: 3.0.0(prettier@3.0.0)(svelte@3.59.1)

packages:

  prettier-plugin-svelte@3.0.0:
    resolution: {integrity: sha512-l3RQcPty2UBCoRh3yb9c5XCAmxkrc4BptAnbd5acO1gmSJtChOWkiEjnOvh7hvmtT4V80S8gXCOKAq8RNeIzSw==}
    peerDependencies:
      prettier: ^3.0.0
      svelte: ^3.2.0 || ^4.0.0-next.0

  prettier@3.0.0:
    resolution: {integrity: sha512-zBf5eHpwHOGPC47h0zrPyNn+eAEIdEzfywMoYn2XPi0P44Zp0tSq64rq0xAREh4auw2cJZHo9QUob+NqCQky4g==}
    engines: {node: '>=14'}
    hasBin: true

  svelte@3.59.1:
    resolution: {integrity: sha512-pKj8fEBmqf6mq3/NfrB9SLtcJcUvjYSWyePlfCqN9gujLB25RitWK8PvFzlwim6hD/We35KbPlRteuA6rnPGcQ==}
    engines: {node: '>= 8'}

snapshots:

  prettier-plugin-svelte@3.0.0(prettier@3.0.0)(svelte@3.59.1):
    dependencies:
      prettier: 3.0.0
      svelte: 3.59.1
    optional: true

  prettier@3.0.0: {}

  svelte@3.59.1:
    optional: true
